
Microsoft Visual Studio Solution File, Format Version 12.00
# Visual Studio Version 16
VisualStudioVersion = 25.0.1706.6
MinimumVisualStudioVersion = 10.0.40219.1
Project("{FAE04EC0-301F-11D3-BF4B-00C04F79EFBC}") = "VisualApi", "VisualApi\VisualApi.csproj", "{6009839F-FD77-414A-A2D2-CDC92C46EE34}"
EndProject
Global
	GlobalSection(SolutionConfigurationPlatforms) = preSolution
		Debug|Any CPU = Debug|Any CPU
		Release|Any CPU = Release|Any CPU
	EndGlobalSection
	GlobalSection(ProjectConfigurationPlatforms) = postSolution
		{6009839F-FD77-414A-A2D2-CDC92C46EE34}.Debug|Any CPU.ActiveCfg = Debug|Any CPU
		{6009839F-FD77-414A-A2D2-CDC92C46EE34}.Debug|Any CPU.Build.0 = Debug|Any CPU
		{6009839F-FD77-414A-A2D2-CDC92C46EE34}.Release|Any CPU.ActiveCfg = Release|Any CPU
		{6009839F-FD77-414A-A2D2-CDC92C46EE34}.Release|Any CPU.Build.0 = Release|Any CPU
	EndGlobalSection
	GlobalSection(SolutionProperties) = preSolution
		HideSolutionNode = FALSE
	EndGlobalSection
	GlobalSection(ExtensibilityGlobals) = postSolution
		SolutionGuid = {2149F648-7DEA-4C12-B2A1-FB1091EEABCC}
	EndGlobalSection
EndGlobal
