
Microsoft Visual Studio Solution File, Format Version 12.00
# Visual Studio Version 17
VisualStudioVersion = 17.5.002.0
MinimumVisualStudioVersion = 10.0.40219.1
Project("{9A19103F-16F7-4668-BE54-9A1E7A4F7556}") = "Alumnos", "Alumnos\Alumnos.csproj", "{233C2FB1-9259-4D21-8C03-FE4917B073FD}"
EndProject
Global
	GlobalSection(SolutionConfigurationPlatforms) = preSolution
		Debug|Any CPU = Debug|Any CPU
		Release|Any CPU = Release|Any CPU
	EndGlobalSection
	GlobalSection(ProjectConfigurationPlatforms) = postSolution
		{233C2FB1-9259-4D21-8C03-FE4917B073FD}.Debug|Any CPU.ActiveCfg = Debug|Any CPU
		{233C2FB1-9259-4D21-8C03-FE4917B073FD}.Debug|Any CPU.Build.0 = Debug|Any CPU
		{233C2FB1-9259-4D21-8C03-FE4917B073FD}.Release|Any CPU.ActiveCfg = Release|Any CPU
		{233C2FB1-9259-4D21-8C03-FE4917B073FD}.Release|Any CPU.Build.0 = Release|Any CPU
	EndGlobalSection
	GlobalSection(SolutionProperties) = preSolution
		HideSolutionNode = FALSE
	EndGlobalSection
	GlobalSection(ExtensibilityGlobals) = postSolution
		SolutionGuid = {9D8C0582-92E3-4141-81FE-AA2ACB5BF29E}
	EndGlobalSection
EndGlobal
